
Microsoft Visual Studio Solution File, Format Version 12.00
# Visual Studio Version 16
VisualStudioVersion = 16.0.29709.97
MinimumVisualStudioVersion = 10.0.40219.1
Project("{FAE04EC0-301F-11D3-BF4B-00C04F79EFBC}") = "ModificationBaseDeDonnees", "ModificationBaseDeDonnees.csproj", "{CAB23721-F685-4AEC-9810-B2305900DF1B}"
EndProject
Global
	GlobalSection(SolutionConfigurationPlatforms) = preSolution
		Debug|Any CPU = Debug|Any CPU
		Release|Any CPU = Release|Any CPU
	EndGlobalSection
	GlobalSection(ProjectConfigurationPlatforms) = postSolution
		{CAB23721-F685-4AEC-9810-B2305900DF1B}.Debug|Any CPU.ActiveCfg = Debug|Any CPU
		{CAB23721-F685-4AEC-9810-B2305900DF1B}.Debug|Any CPU.Build.0 = Debug|Any CPU
		{CAB23721-F685-4AEC-9810-B2305900DF1B}.Release|Any CPU.ActiveCfg = Release|Any CPU
		{CAB23721-F685-4AEC-9810-B2305900DF1B}.Release|Any CPU.Build.0 = Release|Any CPU
	EndGlobalSection
	GlobalSection(SolutionProperties) = preSolution
		HideSolutionNode = FALSE
	EndGlobalSection
	GlobalSection(ExtensibilityGlobals) = postSolution
		SolutionGuid = {52D01236-AE38-4802-AC68-46F6D3D22091}
	EndGlobalSection
EndGlobal
